
Microsoft Visual Studio Solution File, Format Version 12.00
# Visual Studio Version 17
VisualStudioVersion = 17.1.32228.430
MinimumVisualStudioVersion = 10.0.40219.1
Project("{2150E333-8FDC-42A3-9474-1A3956D46DE8}") = "src", "src", "{8A1C0C20-91EE-4348-A8EA-114D09DE05E0}"
EndProject
Project("{2150E333-8FDC-42A3-9474-1A3956D46DE8}") = "Modules", "Modules", "{2A6EB1E6-5A7C-4732-99A2-0300916FA585}"
EndProject
Project("{2150E333-8FDC-42A3-9474-1A3956D46DE8}") = "Identity", "Identity", "{DFB1D59D-0238-4D55-9FA0-24A11F844F34}"
EndProject
Project("{9A19103F-16F7-4668-BE54-9A1E7A4F7556}") = "Bootstrapper", "API\Bootstrapper.csproj", "{6F036BDD-0283-454B-8701-8198BDBA738B}"
EndProject
Project("{2150E333-8FDC-42A3-9474-1A3956D46DE8}") = "Shared", "Shared", "{3527F964-727A-460F-9148-9A7D7799E433}"
EndProject
Project("{9A19103F-16F7-4668-BE54-9A1E7A4F7556}") = "Shared.Infrastructure", "Shared\Shared.Infrastructure\Shared.Infrastructure.csproj", "{1884A9EB-DA76-450D-8646-2FB3F19F76A7}"
EndProject
Project("{9A19103F-16F7-4668-BE54-9A1E7A4F7556}") = "Shared.Core", "Shared\Shared.Core\Shared.Core.csproj", "{0CDC02BA-FA0C-4081-9CB1-976009E527A3}"
EndProject
Project("{2150E333-8FDC-42A3-9474-1A3956D46DE8}") = "Api", "Api", "{D1E949DF-445D-4218-B8BA-8FCA0DBFE1B6}"
EndProject
Project("{2150E333-8FDC-42A3-9474-1A3956D46DE8}") = "Solution Items", "Solution Items", "{62D5019E-0D20-4D0B-8ABB-78F97ED6DCC9}"
	ProjectSection(SolutionItems) = preProject
		.editorconfig = .editorconfig
		..\..\docs\adding-extended-attribute-tutorial.md = ..\..\docs\adding-extended-attribute-tutorial.md
		..\..\docs\api-switching-database-provider-tutorial.md = ..\..\docs\api-switching-database-provider-tutorial.md
		Directory.Build.props = Directory.Build.props
		stylecop.json = stylecop.json
	EndProjectSection
EndProject
Project("{9A19103F-16F7-4668-BE54-9A1E7A4F7556}") = "Modules.Identity", "Modules\Identity\Modules.Identity\Modules.Identity.csproj", "{0EFFDA25-9FC1-4169-BA08-A8A5B5497996}"
EndProject
Project("{9A19103F-16F7-4668-BE54-9A1E7A4F7556}") = "Modules.Identity.Core", "Modules\Identity\Modules.Identity.Core\Modules.Identity.Core.csproj", "{DB7F8800-975F-414A-8322-2720B64945B9}"
EndProject
Project("{9A19103F-16F7-4668-BE54-9A1E7A4F7556}") = "Modules.Identity.Infrastructure", "Modules\Identity\Modules.Identity.Infrastructure\Modules.Identity.Infrastructure.csproj", "{EDCF1DCB-01ED-4042-8C9F-E267CD384FAB}"
EndProject
Project("{9A19103F-16F7-4668-BE54-9A1E7A4F7556}") = "Shared.DTOs", "Shared\Shared.DTOs\Shared.DTOs.csproj", "{3F6178C5-8E99-4A80-87F8-5FB061DA3994}"
EndProject
Project("{2150E333-8FDC-42A3-9474-1A3956D46DE8}") = "EmployeeManagement", "EmployeeManagement", "{4B70C778-70ED-4C20-B127-E58F3BC46EBB}"
EndProject
Project("{9A19103F-16F7-4668-BE54-9A1E7A4F7556}") = "Modules.EmployeeManagement.Core", "Modules\EmployeeManagement\Modules.EmployeeManagement.Core\Modules.EmployeeManagement.Core.csproj", "{76188932-F368-4616-B4FD-11F152369321}"
EndProject
Project("{2150E333-8FDC-42A3-9474-1A3956D46DE8}") = "test", "test", "{A258BE23-32FA-46A7-A474-1E129040957D}"
EndProject
Project("{9A19103F-16F7-4668-BE54-9A1E7A4F7556}") = "Modules.EmployeeManagement.UnitTests", "..\..\test\Modules.StaffManagement.UnitTests\Modules.EmployeeManagement.UnitTests.csproj", "{A8670AFA-690F-4328-B11E-A1E0C4B07842}"
EndProject
Project("{9A19103F-16F7-4668-BE54-9A1E7A4F7556}") = "Modules.EmployeeManagement.IntegrationTests", "..\..\test\Modules.StaffManagement.IntegrationTests\Modules.EmployeeManagement.IntegrationTests.csproj", "{0A15D323-3711-4A1B-8762-318140295B84}"
EndProject
Project("{9A19103F-16F7-4668-BE54-9A1E7A4F7556}") = "Modules.EmployeeManagement.Infrastructure", "Modules\EmployeeManagement\Modules.EmployeeManagement.Infrastructure\Modules.EmployeeManagement.Infrastructure.csproj", "{EF5F6014-0B74-4BB8-9613-5434ED99E956}"
EndProject
Project("{9A19103F-16F7-4668-BE54-9A1E7A4F7556}") = "Modules.EmployeeManagement", "Modules\EmployeeManagement\Modules.EmployeeManagement\Modules.EmployeeManagement.csproj", "{6E0A11EF-B77F-4418-AC03-B353656ACCD7}"
EndProject
Project("{FAE04EC0-301F-11D3-BF4B-00C04F79EFBC}") = "Shared.Test", "..\..\test\Share.Test\Shared.Test.csproj", "{C79B3781-246E-4959-8E4D-1CE0C744162D}"
EndProject
Global
	GlobalSection(SolutionConfigurationPlatforms) = preSolution
		Debug|Any CPU = Debug|Any CPU
		Release|Any CPU = Release|Any CPU
	EndGlobalSection
	GlobalSection(ProjectConfigurationPlatforms) = postSolution
		{6F036BDD-0283-454B-8701-8198BDBA738B}.Debug|Any CPU.ActiveCfg = Debug|Any CPU
		{6F036BDD-0283-454B-8701-8198BDBA738B}.Debug|Any CPU.Build.0 = Debug|Any CPU
		{6F036BDD-0283-454B-8701-8198BDBA738B}.Release|Any CPU.ActiveCfg = Release|Any CPU
		{6F036BDD-0283-454B-8701-8198BDBA738B}.Release|Any CPU.Build.0 = Release|Any CPU
		{1884A9EB-DA76-450D-8646-2FB3F19F76A7}.Debug|Any CPU.ActiveCfg = Debug|Any CPU
		{1884A9EB-DA76-450D-8646-2FB3F19F76A7}.Debug|Any CPU.Build.0 = Debug|Any CPU
		{1884A9EB-DA76-450D-8646-2FB3F19F76A7}.Release|Any CPU.ActiveCfg = Release|Any CPU
		{1884A9EB-DA76-450D-8646-2FB3F19F76A7}.Release|Any CPU.Build.0 = Release|Any CPU
		{0CDC02BA-FA0C-4081-9CB1-976009E527A3}.Debug|Any CPU.ActiveCfg = Debug|Any CPU
		{0CDC02BA-FA0C-4081-9CB1-976009E527A3}.Debug|Any CPU.Build.0 = Debug|Any CPU
		{0CDC02BA-FA0C-4081-9CB1-976009E527A3}.Release|Any CPU.ActiveCfg = Release|Any CPU
		{0CDC02BA-FA0C-4081-9CB1-976009E527A3}.Release|Any CPU.Build.0 = Release|Any CPU
		{0EFFDA25-9FC1-4169-BA08-A8A5B5497996}.Debug|Any CPU.ActiveCfg = Debug|Any CPU
		{0EFFDA25-9FC1-4169-BA08-A8A5B5497996}.Debug|Any CPU.Build.0 = Debug|Any CPU
		{0EFFDA25-9FC1-4169-BA08-A8A5B5497996}.Release|Any CPU.ActiveCfg = Release|Any CPU
		{0EFFDA25-9FC1-4169-BA08-A8A5B5497996}.Release|Any CPU.Build.0 = Release|Any CPU
		{DB7F8800-975F-414A-8322-2720B64945B9}.Debug|Any CPU.ActiveCfg = Debug|Any CPU
		{DB7F8800-975F-414A-8322-2720B64945B9}.Debug|Any CPU.Build.0 = Debug|Any CPU
		{DB7F8800-975F-414A-8322-2720B64945B9}.Release|Any CPU.ActiveCfg = Release|Any CPU
		{DB7F8800-975F-414A-8322-2720B64945B9}.Release|Any CPU.Build.0 = Release|Any CPU
		{EDCF1DCB-01ED-4042-8C9F-E267CD384FAB}.Debug|Any CPU.ActiveCfg = Debug|Any CPU
		{EDCF1DCB-01ED-4042-8C9F-E267CD384FAB}.Debug|Any CPU.Build.0 = Debug|Any CPU
		{EDCF1DCB-01ED-4042-8C9F-E267CD384FAB}.Release|Any CPU.ActiveCfg = Release|Any CPU
		{EDCF1DCB-01ED-4042-8C9F-E267CD384FAB}.Release|Any CPU.Build.0 = Release|Any CPU
		{3F6178C5-8E99-4A80-87F8-5FB061DA3994}.Debug|Any CPU.ActiveCfg = Debug|Any CPU
		{3F6178C5-8E99-4A80-87F8-5FB061DA3994}.Debug|Any CPU.Build.0 = Debug|Any CPU
		{3F6178C5-8E99-4A80-87F8-5FB061DA3994}.Release|Any CPU.ActiveCfg = Release|Any CPU
		{3F6178C5-8E99-4A80-87F8-5FB061DA3994}.Release|Any CPU.Build.0 = Release|Any CPU
		{76188932-F368-4616-B4FD-11F152369321}.Debug|Any CPU.ActiveCfg = Debug|Any CPU
		{76188932-F368-4616-B4FD-11F152369321}.Debug|Any CPU.Build.0 = Debug|Any CPU
		{76188932-F368-4616-B4FD-11F152369321}.Release|Any CPU.ActiveCfg = Release|Any CPU
		{76188932-F368-4616-B4FD-11F152369321}.Release|Any CPU.Build.0 = Release|Any CPU
		{A8670AFA-690F-4328-B11E-A1E0C4B07842}.Debug|Any CPU.ActiveCfg = Debug|Any CPU
		{A8670AFA-690F-4328-B11E-A1E0C4B07842}.Debug|Any CPU.Build.0 = Debug|Any CPU
		{A8670AFA-690F-4328-B11E-A1E0C4B07842}.Release|Any CPU.ActiveCfg = Release|Any CPU
		{A8670AFA-690F-4328-B11E-A1E0C4B07842}.Release|Any CPU.Build.0 = Release|Any CPU
		{0A15D323-3711-4A1B-8762-318140295B84}.Debug|Any CPU.ActiveCfg = Debug|Any CPU
		{0A15D323-3711-4A1B-8762-318140295B84}.Debug|Any CPU.Build.0 = Debug|Any CPU
		{0A15D323-3711-4A1B-8762-318140295B84}.Release|Any CPU.ActiveCfg = Release|Any CPU
		{0A15D323-3711-4A1B-8762-318140295B84}.Release|Any CPU.Build.0 = Release|Any CPU
		{EF5F6014-0B74-4BB8-9613-5434ED99E956}.Debug|Any CPU.ActiveCfg = Debug|Any CPU
		{EF5F6014-0B74-4BB8-9613-5434ED99E956}.Debug|Any CPU.Build.0 = Debug|Any CPU
		{EF5F6014-0B74-4BB8-9613-5434ED99E956}.Release|Any CPU.ActiveCfg = Release|Any CPU
		{EF5F6014-0B74-4BB8-9613-5434ED99E956}.Release|Any CPU.Build.0 = Release|Any CPU
		{6E0A11EF-B77F-4418-AC03-B353656ACCD7}.Debug|Any CPU.ActiveCfg = Debug|Any CPU
		{6E0A11EF-B77F-4418-AC03-B353656ACCD7}.Debug|Any CPU.Build.0 = Debug|Any CPU
		{6E0A11EF-B77F-4418-AC03-B353656ACCD7}.Release|Any CPU.ActiveCfg = Release|Any CPU
		{6E0A11EF-B77F-4418-AC03-B353656ACCD7}.Release|Any CPU.Build.0 = Release|Any CPU
		{C79B3781-246E-4959-8E4D-1CE0C744162D}.Debug|Any CPU.ActiveCfg = Debug|Any CPU
		{C79B3781-246E-4959-8E4D-1CE0C744162D}.Debug|Any CPU.Build.0 = Debug|Any CPU
		{C79B3781-246E-4959-8E4D-1CE0C744162D}.Release|Any CPU.ActiveCfg = Release|Any CPU
		{C79B3781-246E-4959-8E4D-1CE0C744162D}.Release|Any CPU.Build.0 = Release|Any CPU
	EndGlobalSection
	GlobalSection(SolutionProperties) = preSolution
		HideSolutionNode = FALSE
	EndGlobalSection
	GlobalSection(NestedProjects) = preSolution
		{2A6EB1E6-5A7C-4732-99A2-0300916FA585} = {8A1C0C20-91EE-4348-A8EA-114D09DE05E0}
		{DFB1D59D-0238-4D55-9FA0-24A11F844F34} = {2A6EB1E6-5A7C-4732-99A2-0300916FA585}
		{6F036BDD-0283-454B-8701-8198BDBA738B} = {D1E949DF-445D-4218-B8BA-8FCA0DBFE1B6}
		{3527F964-727A-460F-9148-9A7D7799E433} = {8A1C0C20-91EE-4348-A8EA-114D09DE05E0}
		{1884A9EB-DA76-450D-8646-2FB3F19F76A7} = {3527F964-727A-460F-9148-9A7D7799E433}
		{0CDC02BA-FA0C-4081-9CB1-976009E527A3} = {3527F964-727A-460F-9148-9A7D7799E433}
		{D1E949DF-445D-4218-B8BA-8FCA0DBFE1B6} = {8A1C0C20-91EE-4348-A8EA-114D09DE05E0}
		{0EFFDA25-9FC1-4169-BA08-A8A5B5497996} = {DFB1D59D-0238-4D55-9FA0-24A11F844F34}
		{DB7F8800-975F-414A-8322-2720B64945B9} = {DFB1D59D-0238-4D55-9FA0-24A11F844F34}
		{EDCF1DCB-01ED-4042-8C9F-E267CD384FAB} = {DFB1D59D-0238-4D55-9FA0-24A11F844F34}
		{3F6178C5-8E99-4A80-87F8-5FB061DA3994} = {3527F964-727A-460F-9148-9A7D7799E433}
		{4B70C778-70ED-4C20-B127-E58F3BC46EBB} = {2A6EB1E6-5A7C-4732-99A2-0300916FA585}
		{76188932-F368-4616-B4FD-11F152369321} = {4B70C778-70ED-4C20-B127-E58F3BC46EBB}
		{A8670AFA-690F-4328-B11E-A1E0C4B07842} = {A258BE23-32FA-46A7-A474-1E129040957D}
		{0A15D323-3711-4A1B-8762-318140295B84} = {A258BE23-32FA-46A7-A474-1E129040957D}
		{EF5F6014-0B74-4BB8-9613-5434ED99E956} = {4B70C778-70ED-4C20-B127-E58F3BC46EBB}
		{6E0A11EF-B77F-4418-AC03-B353656ACCD7} = {4B70C778-70ED-4C20-B127-E58F3BC46EBB}
		{C79B3781-246E-4959-8E4D-1CE0C744162D} = {A258BE23-32FA-46A7-A474-1E129040957D}
	EndGlobalSection
	GlobalSection(ExtensibilityGlobals) = postSolution
		SolutionGuid = {470B6C9A-5A3C-4ADA-B916-03AF3F25003D}
	EndGlobalSection
EndGlobal
